// !$*UTF8*$!
{
	archiveVersion = 1;
	classes = {
	};
	objectVersion = 46;
	objects = {

/* Begin PBXBuildFile section */
		150DCB681C5273EA00D47389 /* AppDelegate.swift in Sources */ = {isa = PBXBuildFile; fileRef = 150DCB671C5273EA00D47389 /* AppDelegate.swift */; };
		150DCB6A1C5273EA00D47389 /* ViewController.swift in Sources */ = {isa = PBXBuildFile; fileRef = 150DCB691C5273EA00D47389 /* ViewController.swift */; };
		150DCB6D1C5273EA00D47389 /* Main.storyboard in Resources */ = {isa = PBXBuildFile; fileRef = 150DCB6B1C5273EA00D47389 /* Main.storyboard */; };
		150DCB6F1C5273EA00D47389 /* Assets.xcassets in Resources */ = {isa = PBXBuildFile; fileRef = 150DCB6E1C5273EA00D47389 /* Assets.xcassets */; };
		150DCB721C5273EA00D47389 /* LaunchScreen.storyboard in Resources */ = {isa = PBXBuildFile; fileRef = 150DCB701C5273EA00D47389 /* LaunchScreen.storyboard */; };
/* End PBXBuildFile section */

/* Begin PBXFileReference section */
		150DCB641C5273EA00D47389 /* UITableViewDataSourceAndDelegate.app */ = {isa = PBXFileReference; explicitFileType = wrapper.application; includeInIndex = 0; path = UITableViewDataSourceAndDelegate.app; sourceTree = BUILT_PRODUCTS_DIR; };
		150DCB671C5273EA00D47389 /* AppDelegate.swift */ = {isa = PBXFileReference; lastKnownFileType = sourcecode.swift; path = AppDelegate.swift; sourceTree = "<group>"; };
		150DCB691C5273EA00D47389 /* ViewController.swift */ = {isa = PBXFileReference; lastKnownFileType = sourcecode.swift; path = ViewController.swift; sourceTree = "<group>"; };
		150DCB6C1C5273EA00D47389 /* Base */ = {isa = PBXFileReference; lastKnownFileType = file.storyboard; name = Base; path = Base.lproj/Main.storyboard; sourceTree = "<group>"; };
		150DCB6E1C5273EA00D47389 /* Assets.xcassets */ = {isa = PBXFileReference; lastKnownFileType = folder.assetcatalog; path = Assets.xcassets; sourceTree = "<group>"; };
		150DCB711C5273EA00D47389 /* Base */ = {isa = PBXFileReference; lastKnownFileType = file.storyboard; name = Base; path = Base.lproj/LaunchScreen.storyboard; sourceTree = "<group>"; };
		150DCB731C5273EA00D47389 /* Info.plist */ = {isa = PBXFileReference; lastKnownFileType = text.plist.xml; path = Info.plist; sourceTree = "<group>"; };
/* End PBXFileReference section */

/* Begin PBXFrameworksBuildPhase section */
		150DCB611C5273EA00D47389 /* Frameworks */ = {
			isa = PBXFrameworksBuildPhase;
			buildActionMask = 2147483647;
			files = (
			);
			runOnlyForDeploymentPostprocessing = 0;
		};
/* End PBXFrameworksBuildPhase section */

/* Begin PBXGroup section */
		150DCB5B1C5273EA00D47389 = {
			isa = PBXGroup;
			children = (
				150DCB661C5273EA00D47389 /* UITableViewDataSourceAndDelegate */,
				150DCB651C5273EA00D47389 /* Products */,
			);
			sourceTree = "<group>";
		};
		150DCB651C5273EA00D47389 /* Products */ = {
			isa = PBXGroup;
			children = (
				150DCB641C5273EA00D47389 /* UITableViewDataSourceAndDelegate.app */,
			);
			name = Products;
			sourceTree = "<group>";
		};
		150DCB661C5273EA00D47389 /* UITableViewDataSourceAndDelegate */ = {
			isa = PBXGroup;
			children = (
				150DCB671C5273EA00D47389 /* AppDelegate.swift */,
				150DCB691C5273EA00D47389 /* ViewController.swift */,
				150DCB6B1C5273EA00D47389 /* Main.storyboard */,
				150DCB6E1C5273EA00D47389 /* Assets.xcassets */,
				150DCB701C5273EA00D47389 /* LaunchScreen.storyboard */,
				150DCB731C5273EA00D47389 /* Info.plist */,
			);
			path = UITableViewDataSourceAndDelegate;
			sourceTree = "<group>";
		};
/* End PBXGroup section */

/* Begin PBXNativeTarget section */
		150DCB631C5273EA00D47389 /* UITableViewDataSourceAndDelegate */ = {
			isa = PBXNativeTarget;
			buildConfigurationList = 150DCB761C5273EA00D47389 /* Build configuration list for PBXNativeTarget "UITableViewDataSourceAndDelegate" */;
			buildPhases = (
				150DCB601C5273EA00D47389 /* Sources */,
				150DCB611C5273EA00D47389 /* Frameworks */,
				150DCB621C5273EA00D47389 /* Resources */,
			);
			buildRules = (
			);
			dependencies = (
			);
			name = UITableViewDataSourceAndDelegate;
			productName = UITableViewDataSourceAndDelegate;
			productReference = 150DCB641C5273EA00D47389 /* UITableViewDataSourceAndDelegate.app */;
			productType = "com.apple.product-type.application";
		};
/* End PBXNativeTarget section */

/* Begin PBXProject section */
		150DCB5C1C5273EA00D47389 /* Project object */ = {
			isa = PBXProject;
			attributes = {
				LastSwiftUpdateCheck = 0720;
				LastUpgradeCheck = 0720;
				ORGANIZATIONNAME = "Randall Mardus";
				TargetAttributes = {
					150DCB631C5273EA00D47389 = {
						CreatedOnToolsVersion = 7.2;
					};
				};
			};
			buildConfigurationList = 150DCB5F1C5273EA00D47389 /* Build configuration list for PBXProject "UITableViewDataSourceAndDelegate" */;
			compatibilityVersion = "Xcode 3.2";
			developmentRegion = English;
			hasScannedForEncodings = 0;
			knownRegions = (
				en,
				Base,
			);
			mainGroup = 150DCB5B1C5273EA00D47389;
			productRefGroup = 150DCB651C5273EA00D47389 /* Products */;
			projectDirPath = "";
			projectRoot = "";
			targets = (
				150DCB631C5273EA00D47389 /* UITableViewDataSourceAndDelegate */,
			);
		};
/* End PBXProject section */

/* Begin PBXResourcesBuildPhase section */
		150DCB621C5273EA00D47389 /* Resources */ = {
			isa = PBXResourcesBuildPhase;
			buildActionMask = 2147483647;
			files = (
				150DCB721C5273EA00D47389 /* LaunchScreen.storyboard in Resources */,
				150DCB6F1C5273EA00D47389 /* Assets.xcassets in Resources */,
				150DCB6D1C5273EA00D47389 /* Main.storyboard in Resources */,
			);
			runOnlyForDeploymentPostprocessing = 0;
		};
/* End PBXResourcesBuildPhase section */

/* Begin PBXSourcesBuildPhase section */
		150DCB601C5273EA00D47389 /* Sources */ = {
			isa = PBXSourcesBuildPhase;
			buildActionMask = 2147483647;
			files = (
				150DCB6A1C5273EA00D47389 /* ViewController.swift in Sources */,
				150DCB681C5273EA00D47389 /* AppDelegate.swift in Sources */,
			);
			runOnlyForDeploymentPostprocessing = 0;
		};
/* End PBXSourcesBuildPhase section */

/* Begin PBXVariantGroup section */
		150DCB6B1C5273EA00D47389 /* Main.storyboard */ = {
			isa = PBXVariantGroup;
			children = (
				150DCB6C1C5273EA00D47389 /* Base */,
			);
			name = Main.storyboard;
			sourceTree = "<group>";
		};
		150DCB701C5273EA00D47389 /* LaunchScreen.storyboard */ = {
			isa = PBXVariantGroup;
			children = (
				150DCB711C5273EA00D47389 /* Base */,
			);
			name = LaunchScreen.storyboard;
			sourceTree = "<group>";
		};
/* End PBXVariantGroup section */

/* Begin XCBuildConfiguration section */
		150DCB741C5273EA00D47389 /* Debug */ = {
			isa = XCBuildConfiguration;
			buildSettings = {
				ALWAYS_SEARCH_USER_PATHS = NO;
				CLANG_CXX_LANGUAGE_STANDARD = "gnu++0x";
				CLANG_CXX_LIBRARY = "libc++";
				CLANG_ENABLE_MODULES = YES;
				CLANG_ENABLE_OBJC_ARC = YES;
				CLANG_WARN_BOOL_CONVERSION = YES;
				CLANG_WARN_CONSTANT_CONVERSION = YES;
				CLANG_WARN_DIRECT_OBJC_ISA_USAGE = YES_ERROR;
				CLANG_WARN_EMPTY_BODY = YES;
				CLANG_WARN_ENUM_CONVERSION = YES;
				CLANG_WARN_INT_CONVERSION = YES;
				CLANG_WARN_OBJC_ROOT_CLASS = YES_ERROR;
				CLANG_WARN_UNREACHABLE_CODE = YES;
				CLANG_WARN__DUPLICATE_METHOD_MATCH = YES;
				"CODE_SIGN_IDENTITY[sdk=iphoneos*]" = "iPhone Developer";
				COPY_PHASE_STRIP = NO;
				DEBUG_INFORMATION_FORMAT = dwarf;
				ENABLE_STRICT_OBJC_MSGSEND = YES;
				ENABLE_TESTABILITY = YES;
				GCC_C_LANGUAGE_STANDARD = gnu99;
				GCC_DYNAMIC_NO_PIC = NO;
				GCC_NO_COMMON_BLOCKS = YES;
				GCC_OPTIMIZATION_LEVEL = 0;
				GCC_PREPROCESSOR_DEFINITIONS = (
					"DEBUG=1",
					"$(inherited)",
				);
				GCC_WARN_64_TO_32_BIT_CONVERSION = YES;
				GCC_WARN_ABOUT_RETURN_TYPE = YES_ERROR;
				GCC_WARN_UNDECLARED_SELECTOR = YES;
				GCC_WARN_UNINITIALIZED_AUTOS = YES_AGGRESSIVE;
				GCC_WARN_UNUSED_FUNCTION = YES;
				GCC_WARN_UNUSED_VARIABLE = YES;
				IPHONEOS_DEPLOYMENT_TARGET = 9.2;
				MTL_ENABLE_DEBUG_INFO = YES;
				ONLY_ACTIVE_ARCH = YES;
				SDKROOT = iphoneos;
				SWIFT_OPTIMIZATION_LEVEL = "-Onone";
				TARGETED_DEVICE_FAMILY = "1,2";
			};
			name = Debug;
		};
		150DCB751C5273EA00D47389 /* Release */ = {
			isa = XCBuildConfiguration;
			buildSettings = {
				ALWAYS_SEARCH_USER_PATHS = NO;
				CLANG_CXX_LANGUAGE_STANDARD = "gnu++0x";
				CLANG_CXX_LIBRARY = "libc++";
				CLANG_ENABLE_MODULES = YES;
				CLANG_ENABLE_OBJC_ARC = YES;
				CLANG_WARN_BOOL_CONVERSION = YES;
				CLANG_WARN_CONSTANT_CONVERSION = YES;
				CLANG_WARN_DIRECT_OBJC_ISA_USAGE = YES_ERROR;
				CLANG_WARN_EMPTY_BODY = YES;
				CLANG_WARN_ENUM_CONVERSION = YES;
				CLANG_WARN_INT_CONVERSION = YES;
				CLANG_WARN_OBJC_ROOT_CLASS = YES_ERROR;
				CLANG_WARN_UNREACHABLE_CODE = YES;
				CLANG_WARN__DUPLICATE_METHOD_MATCH = YES;
				"CODE_SIGN_IDENTITY[sdk=iphoneos*]" = "iPhone Developer";
				COPY_PHASE_STRIP = NO;
				DEBUG_INFORMATION_FORMAT = "dwarf-with-dsym";
				ENABLE_NS_ASSERTIONS = NO;
				ENABLE_STRICT_OBJC_MSGSEND = YES;
				GCC_C_LANGUAGE_STANDARD = gnu99;
				GCC_NO_COMMON_BLOCKS = YES;
				GCC_WARN_64_TO_32_BIT_CONVERSION = YES;
				GCC_WARN_ABOUT_RETURN_TYPE = YES_ERROR;
				GCC_WARN_UNDECLARED_SELECTOR = YES;
				GCC_WARN_UNINITIALIZED_AUTOS = YES_AGGRESSIVE;
				GCC_WARN_UNUSED_FUNCTION = YES;
				GCC_WARN_UNUSED_VARIABLE = YES;
				IPHONEOS_DEPLOYMENT_TARGET = 9.2;
				MTL_ENABLE_DEBUG_INFO = NO;
				SDKROOT = iphoneos;
				TARGETED_DEVICE_FAMILY = "1,2";
				VALIDATE_PRODUCT = YES;
			};
			name = Release;
		};
		150DCB771C5273EA00D47389 /* Debug */ = {
			isa = XCBuildConfiguration;
			buildSettings = {
				ASSETCATALOG_COMPILER_APPICON_NAME = AppIcon;
				INFOPLIST_FILE = UITableViewDataSourceAndDelegate/Info.plist;
				LD_RUNPATH_SEARCH_PATHS = "$(inherited) @executable_path/Frameworks";
				PRODUCT_BUNDLE_IDENTIFIER = self.edu.UITableViewDataSourceAndDelegate;
				PRODUCT_NAME = "$(TARGET_NAME)";
			};
			name = Debug;
		};
		150DCB781C5273EA00D47389 /* Release */ = {
			isa = XCBuildConfiguration;
			buildSettings = {
				ASSETCATALOG_COMPILER_APPICON_NAME = AppIcon;
				INFOPLIST_FILE = UITableViewDataSourceAndDelegate/Info.plist;
				LD_RUNPATH_SEARCH_PATHS = "$(inherited) @executable_path/Frameworks";
				PRODUCT_BUNDLE_IDENTIFIER = self.edu.UITableViewDataSourceAndDelegate;
				PRODUCT_NAME = "$(TARGET_NAME)";
			};
			name = Release;
		};
/* End XCBuildConfiguration section */

/* Begin XCConfigurationList section */
		150DCB5F1C5273EA00D47389 /* Build configuration list for PBXProject "UITableViewDataSourceAndDelegate" */ = {
			isa = XCConfigurationList;
			buildConfigurations = (
				150DCB741C5273EA00D47389 /* Debug */,
				150DCB751C5273EA00D47389 /* Release */,
			);
			defaultConfigurationIsVisible = 0;
			defaultConfigurationName = Release;
		};
		150DCB761C5273EA00D47389 /* Build configuration list for PBXNativeTarget "UITableViewDataSourceAndDelegate" */ = {
			isa = XCConfigurationList;
			buildConfigurations = (
				150DCB771C5273EA00D47389 /* Debug */,
				150DCB781C5273EA00D47389 /* Release */,
			);
			defaultConfigurationIsVisible = 0;
		};
/* End XCConfigurationList section */
	};
	rootObject = 150DCB5C1C5273EA00D47389 /* Project object */;
}
